{
  "version": 3,
  "mopsTomlDepsHash": "457a537ce12bccd65a11927beb3d18fe0f40a826c3476303e5b8aa1b9943f4c3",
  "deps": {
    "core": "2.6.0",
    "caffeineai-authorization": "0.1.1",
    "caffeineai-object-storage": "0.1.2",
    "caffeineai-email": "0.1.1",
    "caffeineai-http-outcalls": "0.1.2",
    "ic": "4.0.0"
  },
  "hashes": {
    "core@2.6.0": {
      "core@2.6.0/LICENSE": "840e3d57a38a8061f55d04470fbd58b9345326fa04ea10ee42add5c6e3b2aa08",
      "core@2.6.0/NOTICE": "d62ca4ef9e2c9df064115c339013593cf0769e2b9dc78fa4b3211222541c7f83",
      "core@2.6.0/src/Array.mo": "59e4440bc7ed2988d9ff0be1ec091cd4c994ce9d713e282f88a57d295598338a",
      "core@2.6.0/README.md": "91b59e7efa6ae40144249013cd3f020073592bf0f5463649798bdc78618b7a1b",
      "core@2.6.0/src/Blob.mo": "f5085a7be3a9ed3e9bf11cbf8001146c9586acc45a7ee13513c5e8f97cad561b",
      "core@2.6.0/mops.toml": "22a9653a08c7fbbd0853738eb75c82f673bd1525832af1b5c2da4ab6ac6d556a",
      "core@2.6.0/src/Base64.mo": "0d70a221a21a1bfb7ad79da30271f6e1f892a4148f8c844975b108c2e052ea3f",
      "core@2.6.0/src/Bool.mo": "3b606a6631f28c774e3055bc860201e56260fd32fdc5e8dc00d901506be95db5",
      "core@2.6.0/src/Debug.mo": "526c3f9d94e4a682917febb7b0021831a7cc345a2aa63e2499ddeda33cf63b3e",
      "core@2.6.0/src/CallerAttributes.mo": "7ac5ea306f7e4393a7830a1dd522583d3388b8dd4667db132ee77ba9ae131f66",
      "core@2.6.0/src/Error.mo": "2112280ea5300ae94ff9188c3bbd75a7db87f0c6eb65c2ac5bf04bc27c851d98",
      "core@2.6.0/src/Float.mo": "5cedfd9b42f79d6a4c5d984dd895542b70b1b23afc704486595d6247d81e2438",
      "core@2.6.0/src/Cycles.mo": "9f5c1fceea47f05c43f22a1c25e8753fb7e552e36106d27bceef24b1310f4cbc",
      "core@2.6.0/src/Char.mo": "954caba4a5e2e714912e9a6981f4fea08865780c98797b36333cff6b0c68f220",
      "core@2.6.0/src/CertifiedData.mo": "87fa7b145507d63aab702030bc797f9c5c45ec796b84bc573d70448ceabaec9a",
      "core@2.6.0/src/Float32.mo": "f18868603519d69289e049367f12fda160480dc44bc917b911b29a8cf84cef50",
      "core@2.6.0/src/InternetComputer.mo": "969951411beb5caf7d60ba6d5e906a5c70a3b466cee42e1135d1cd3d791cb3a1",
      "core@2.6.0/src/Int.mo": "2233228b585ece0af237b3b8ce9f8c4cc65014bae733192a8cff69c37df35e2c",
      "core@2.6.0/src/Int16.mo": "a6b33d80f900e8f94bf317727fb6d4777191d0304430cd9e08af34ada00ca339",
      "core@2.6.0/src/Int32.mo": "06a69a5fdb5224b5f6184bd35c1d1bd756fc197527ca9262bd19ea3b304ebb7e",
      "core@2.6.0/src/Func.mo": "30b6c3d6c7938a4ab968c8916f9e66e6dd4d3f209b4f2f967f2d6a7b61e3380c",
      "core@2.6.0/src/Int64.mo": "e3c3a0355f3c0ea3c8c70d9bc6e300b19a318a71ae0e475cfe4012d0b41d0fce",
      "core@2.6.0/src/Int8.mo": "e29df82bf43aca0c657c8c1c6e77c72605cf64b774a42f267369f9001b1620b1",
      "core@2.6.0/src/Nat32.mo": "6886e8148867a10fa58f94b31cd6de84322cc274cc06b758ddc1784445648259",
      "core@2.6.0/src/Nat16.mo": "ff3682d1b233721065d9157e4587e8cbd100b882033621d01d1b47cb67ce68fa",
      "core@2.6.0/src/Map.mo": "125a036b4fffb32a99830df565ae4d095dc02d2c0e0f8a26205872a65bf628b8",
      "core@2.6.0/src/Nat8.mo": "c08a40665121fd2b26764bc1cde3ac19ee075d4416a0091ddae446d539ee94a9",
      "core@2.6.0/src/Nat64.mo": "fc295f4fb2542b8777e81e7b7fc6f1624a3ee67b52db5c756664fe59a93cfdb7",
      "core@2.6.0/src/Nat.mo": "e28b0dcbc6cb5f532e386124a8384ab84d5f524134267615c336fb70f186d8cb",
      "core@2.6.0/src/Iter.mo": "463f3b12d0d462ba55e84b77cffa8a1d76f04695144f966338aaccb4960dedc5",
      "core@2.6.0/src/List.mo": "88e8b0dea2a23e6103b12b59cc80911c2dd40ebb5d0ca772a3a0fb90a76a706c",
      "core@2.6.0/src/Order.mo": "6c21e905e1e8c2b40cd50438218230c207d0bbec0d2514779edd76f9f84a812c",
      "core@2.6.0/src/Option.mo": "aeec94cd6954e7b8b5463a5b15abddfb56c5322cb9b9e7ac782092d5c33a8b38",
      "core@2.6.0/src/PriorityQueue.mo": "e8c02d636e669fbf4ce3dc3b3e1a8d3003ef6d15e989035423e84aa2571cc4b9",
      "core@2.6.0/src/Result.mo": "fbf78ffb539258703fa529ec622111cd5962e2aa4d76943bc99e079416b404c3",
      "core@2.6.0/src/Queue.mo": "52a4276d862e4c26c3f41c09ffe07803c3740118dea3a84c8f086827b65b5399",
      "core@2.6.0/src/Region.mo": "23ab562d605c80fae3ca10f49df2fc1201d558eee01adf7ddd8d3ada60d7eca9",
      "core@2.6.0/src/Random.mo": "b60f8a72134bab5f527da3c929e63f4ade612ad0799fba576c218f73cbdfad88",
      "core@2.6.0/src/Principal.mo": "181f4c5f5b6cc8c65d202490a1c7d771f9a462ae1c9fb13cb8915e5feb9f5c71",
      "core@2.6.0/src/Timer.mo": "477fe4f6a015a839000ce7a6a871877b3f32c6589850dab2b7e7e872d661b225",
      "core@2.6.0/src/Time.mo": "fcffd56cbeb21c3d8613973f3f1ea382babcf122ea93c9689149f0101c5f3e96",
      "core@2.6.0/src/Set.mo": "04cde46bb20c3b770a18a330c0449881e92d1948b17fd7d28ce95f9d5ba1d740",
      "core@2.6.0/src/Text.mo": "54ebeb2a1e507ab18e9c37214b2cd15e3255d04523c088deeaf1d24a757ffbd9",
      "core@2.6.0/src/Tuples.mo": "0156c1fc21fffedd71d173e0d1b1e7a9a19726cbc49ec1cf49029d6d93bc7955",
      "core@2.6.0/src/Runtime.mo": "d221bd16b45cb717cb4ef4fd698fa8632a415aecbbb5a6fdc8b5cd4bc50a9e56",
      "core@2.6.0/src/Stack.mo": "8c1146ff41f7f7a4ed775367e22c1c4e711c0a3f0a4335ddc0858730c8214313",
      "core@2.6.0/src/Types.mo": "00dc0132996b3bb3eaf5cc4413be78ca860137ef26f5b472b0e7b3ef68f6652f",
      "core@2.6.0/src/internal/SortHelper.mo": "fff4f2eec5c59a3db13e46eeb69152bb1b98931f45cb58ac481439a0cd0d10bb",
      "core@2.6.0/src/WeakReference.mo": "06e58a6d67bf67c4b31ff871416d0cf6d6e34bfb409ce73d83372ef6b74de3cf",
      "core@2.6.0/src/pure/List.mo": "4c73dc64c6c6042a6f740ed8a699f0917d8e9ae2d5488867b403137c8d1d1a7f",
      "core@2.6.0/src/internal/PRNG.mo": "8a93e87baa2b12f613c82394a4a05b425e44a695bbace4ca36f9a1f78be26442",
      "core@2.6.0/src/VarArray.mo": "2c35be7e04000139460258b08a1ded7047f46b6aef9f4af3c8c6075bd889ebbe",
      "core@2.6.0/src/pure/Map.mo": "1d1c054ef2b86ffa66ada38053760bd2a9b936665e1448db3f4a3e4d48eca05e",
      "core@2.6.0/src/internal/BTreeHelper.mo": "305e10c7e7c740976b60b4b8d63145131ec3d9ade066aac68a1f631981a308f4",
      "core@2.6.0/src/pure/Queue.mo": "2beb6586927cda381166adb7568a8b61cbe461e6dd9b2007d7e2c27448362bcc",
      "core@2.6.0/src/pure/RealTimeQueue.mo": "60e1f118e1fd728c64ac769396b2441a3e9be5208051139b3dd652125a81a0cb",
      "core@2.6.0/src/pure/Set.mo": "c8f6f193a4b42b2df65ce8c05d610ccbcdc8befddc72acd44445e7290224373e"
    },
    "caffeineai-authorization@0.1.1": {
      "caffeineai-authorization@0.1.1/rules/no-redeclare-get-caller-user-role.toml": "934befe7ed91e8b7b8d7e9ec583730cbd2965b5f77354cea2770b709c1558093",
      "caffeineai-authorization@0.1.1/src/MixinAuthorization.mo": "818108e2188d91637eef39e6a9f0358f9958aa38ecec1e34b46fc7376cb6c09c",
      "caffeineai-authorization@0.1.1/rules/no-redeclare-initialize-access-control.toml": "1ecedde0d8fe2b3d71fa46a20fa721754fcb0591bdb8b6b668b69f2593e120a4",
      "caffeineai-authorization@0.1.1/mops.toml": "36f8bccb06893e5c6e164e915f5d9e07c255cb59404a6a940b09bfb182f0c7bf",
      "caffeineai-authorization@0.1.1/README.md": "7df09c051d9943be6cab58bfc0a208425b1d48512ae7f73b898dfed86ec6fd85",
      "caffeineai-authorization@0.1.1/rules/no-redeclare-is-caller-admin.toml": "10a57bed38437b1db5624f3b7261ee5f5922311b0bd30e01e2007a7edb274946",
      "caffeineai-authorization@0.1.1/rules/no-redeclare-assign-caller-user-role.toml": "e8669dfe4931aaa4268682877388255342ce2cb2cdafd21a121ddf22ef42b500",
      "caffeineai-authorization@0.1.1/rules/mixin-authorization-included.toml": "57fa6a81594ea8c12e0a3315c36dec4adf718444b8ef70a11cda1aaa1b11624a",
      "caffeineai-authorization@0.1.1/src/access-control.mo": "e517d2a028b510d804a633631a15981160def610ea9410dd5a122f92af3c04d8"
    },
    "caffeineai-object-storage@0.1.2": {
      "caffeineai-object-storage@0.1.2/rules/no-redeclare-caffeine-storage-refill.toml": "ef27548d981848d1e9940053aae9c31162d4c9352778c1c3a2de7476924da9f7",
      "caffeineai-object-storage@0.1.2/rules/no-redeclare-caffeine-storage-gateway.toml": "8a232d3119adc5d29ff9cfeaea5ba4dedd96c6e7d9a6c1b544723bc666e923be",
      "caffeineai-object-storage@0.1.2/rules/mixin-storage-included.toml": "d2ab392a7a2a07f1c23f77f9357f6d0967346bff30a4588b8b53736f3931f1d5",
      "caffeineai-object-storage@0.1.2/README.md": "cec7c399f7f9dee04709ba8e6610fe380e887ef667b9981082dac06eeb9c36fc",
      "caffeineai-object-storage@0.1.2/src/Storage.mo": "e4b61a9c3400f7d38f9b239451c37d81719889cbbf23a5a45bbd166c437500f5",
      "caffeineai-object-storage@0.1.2/mops.toml": "530718e8c2e82e9641f6feb4dfdf9beff590ef1a45b3ae2dbcdd9dce863e140a",
      "caffeineai-object-storage@0.1.2/src/Mixin.mo": "175c6b98672a83054fc08855062d1a7b7f2bd3713bf11a60d5319ac5afefe2b3"
    },
    "caffeineai-email@0.1.1": {
      "caffeineai-email@0.1.1/README.md": "7bc10bb86dc7b577268d48cdcc2f877ea8cbc15ee9af57199232121ad242159b",
      "caffeineai-email@0.1.1/src/emailService.mo": "789ff9fe602991267ff872bea66531cce0c7b430c18162e2e2225f5ff9dfdfc5",
      "caffeineai-email@0.1.1/mops.toml": "f09770f92b1bebd47650a26b42738ade255a5b4a37c6a0d15f69b89a1ac29d10",
      "caffeineai-email@0.1.1/src/emailClient.mo": "25b691a930fae1dc13d998e105abbe76268d1c3666d5c6f9687d67e88c7168d2"
    },
    "caffeineai-http-outcalls@0.1.2": {
      "caffeineai-http-outcalls@0.1.2/README.md": "c8dd0ee7548ac60f5c82c6f5f0a517bbcb847e1e876b71351a5b174b9a46a3fd",
      "caffeineai-http-outcalls@0.1.2/mops.toml": "7e614a05258ac65d20ebfa39eaa2da9ca6e229a138ebd04da2d2d612e0ef71db",
      "caffeineai-http-outcalls@0.1.2/src/outcall.mo": "82b2356d4eb135830beae0df7e3d4ad69437f801a14c9a2302329eaebf7770fd"
    },
    "ic@4.0.0": {
      "ic@4.0.0/README.md": "7686aefce0c535d18ee2768e98660575563daa53b00d2c1041170032c232784c",
      "ic@4.0.0/mops.toml": "7a6bb3d74b1ec5539b9bb88e0a0a0ba09e8c46e00b38cb5feda009d6b80723df",
      "ic@4.0.0/src/Call.mo": "b4a3572e5617d0b1eb696450344b65e99504f844794e7ddf1cff664fcfeb2994",
      "ic@4.0.0/src/lib.mo": "9d9ec84a85eb25d191c1cae99cb841d9b6e0cf0f9bc27c3f3805ac9673d7bef1",
      "ic@4.0.0/LICENSE": "ec415b57f8143746b567c94bfad243f5342f3edf110c94641a1a60e02722db55",
      "ic@4.0.0/src/Types.mo": "373c3a18e072058aecaaec99385a08f95746c7e86cc9694f9f23caa982c2ad6c"
    }
  }
}